
Microsoft Visual Studio Solution File, Format Version 12.00
# Visual Studio Version 16
VisualStudioVersion = 16.0.29613.14
MinimumVisualStudioVersion = 10.0.40219.1
Project("{9A19103F-16F7-4668-BE54-9A1E7A4F7556}") = "Demo.AspNetCore.JqGrid", "Demo.AspNetCore.JqGrid\Demo.AspNetCore.JqGrid.csproj", "{DD5F6053-45F1-4F32-82C8-510B2250FDE8}"
EndProject
Project("{9A19103F-16F7-4668-BE54-9A1E7A4F7556}") = "Demo.StartWars", "Demo.StartWars\Demo.StartWars.csproj", "{5B24ADC1-B8DA-4CBD-8D8D-F708DB95E24E}"
EndProject
Global
	GlobalSection(SolutionConfigurationPlatforms) = preSolution
		Debug|Any CPU = Debug|Any CPU
		Release|Any CPU = Release|Any CPU
	EndGlobalSection
	GlobalSection(ProjectConfigurationPlatforms) = postSolution
		{DD5F6053-45F1-4F32-82C8-510B2250FDE8}.Debug|Any CPU.ActiveCfg = Debug|Any CPU
		{DD5F6053-45F1-4F32-82C8-510B2250FDE8}.Debug|Any CPU.Build.0 = Debug|Any CPU
		{DD5F6053-45F1-4F32-82C8-510B2250FDE8}.Release|Any CPU.ActiveCfg = Release|Any CPU
		{DD5F6053-45F1-4F32-82C8-510B2250FDE8}.Release|Any CPU.Build.0 = Release|Any CPU
		{5B24ADC1-B8DA-4CBD-8D8D-F708DB95E24E}.Debug|Any CPU.ActiveCfg = Debug|Any CPU
		{5B24ADC1-B8DA-4CBD-8D8D-F708DB95E24E}.Debug|Any CPU.Build.0 = Debug|Any CPU
		{5B24ADC1-B8DA-4CBD-8D8D-F708DB95E24E}.Release|Any CPU.ActiveCfg = Release|Any CPU
		{5B24ADC1-B8DA-4CBD-8D8D-F708DB95E24E}.Release|Any CPU.Build.0 = Release|Any CPU
	EndGlobalSection
	GlobalSection(SolutionProperties) = preSolution
		HideSolutionNode = FALSE
	EndGlobalSection
	GlobalSection(ExtensibilityGlobals) = postSolution
		SolutionGuid = {1C694F65-D4B0-497A-918E-A30180099D85}
	EndGlobalSection
EndGlobal
